
Microsoft Visual Studio Solution File, Format Version 12.00
# Visual Studio Version 17
VisualStudioVersion = 17.4.33122.133
MinimumVisualStudioVersion = 10.0.40219.1
Project("{FAE04EC0-301F-11D3-BF4B-00C04F79EFBC}") = "APIMysql", "APIMysql\APIMysql.csproj", "{30368B4B-2582-40EF-B82A-3AEEC10346B0}"
EndProject
Global
	GlobalSection(SolutionConfigurationPlatforms) = preSolution
		Debug|Any CPU = Debug|Any CPU
		Release|Any CPU = Release|Any CPU
	EndGlobalSection
	GlobalSection(ProjectConfigurationPlatforms) = postSolution
		{30368B4B-2582-40EF-B82A-3AEEC10346B0}.Debug|Any CPU.ActiveCfg = Debug|Any CPU
		{30368B4B-2582-40EF-B82A-3AEEC10346B0}.Debug|Any CPU.Build.0 = Debug|Any CPU
		{30368B4B-2582-40EF-B82A-3AEEC10346B0}.Release|Any CPU.ActiveCfg = Release|Any CPU
		{30368B4B-2582-40EF-B82A-3AEEC10346B0}.Release|Any CPU.Build.0 = Release|Any CPU
	EndGlobalSection
	GlobalSection(SolutionProperties) = preSolution
		HideSolutionNode = FALSE
	EndGlobalSection
	GlobalSection(ExtensibilityGlobals) = postSolution
		SolutionGuid = {D64445FB-BEF9-4AC3-A9C5-7373CE5125A6}
	EndGlobalSection
EndGlobal
